
Microsoft Visual Studio Solution File, Format Version 12.00
# Visual Studio Version 16
VisualStudioVersion = 16.0.30621.155
MinimumVisualStudioVersion = 10.0.40219.1
Project("{FAE04EC0-301F-11D3-BF4B-00C04F79EFBC}") = "Calculator", "Calculator\Calculator.csproj", "{39B11D9D-0787-4BF7-AB19-3F5ECD12EBAC}"
EndProject
Project("{FAE04EC0-301F-11D3-BF4B-00C04F79EFBC}") = "CalculatorTester", "CalculatorTester\CalculatorTester.csproj", "{99066721-A930-47FF-89D8-9070D92C1781}"
EndProject
Global
	GlobalSection(SolutionConfigurationPlatforms) = preSolution
		Debug|Any CPU = Debug|Any CPU
		Release|Any CPU = Release|Any CPU
	EndGlobalSection
	GlobalSection(ProjectConfigurationPlatforms) = postSolution
		{39B11D9D-0787-4BF7-AB19-3F5ECD12EBAC}.Debug|Any CPU.ActiveCfg = Debug|Any CPU
		{39B11D9D-0787-4BF7-AB19-3F5ECD12EBAC}.Debug|Any CPU.Build.0 = Debug|Any CPU
		{39B11D9D-0787-4BF7-AB19-3F5ECD12EBAC}.Release|Any CPU.ActiveCfg = Release|Any CPU
		{39B11D9D-0787-4BF7-AB19-3F5ECD12EBAC}.Release|Any CPU.Build.0 = Release|Any CPU
		{99066721-A930-47FF-89D8-9070D92C1781}.Debug|Any CPU.ActiveCfg = Debug|Any CPU
		{99066721-A930-47FF-89D8-9070D92C1781}.Debug|Any CPU.Build.0 = Debug|Any CPU
		{99066721-A930-47FF-89D8-9070D92C1781}.Release|Any CPU.ActiveCfg = Release|Any CPU
		{99066721-A930-47FF-89D8-9070D92C1781}.Release|Any CPU.Build.0 = Release|Any CPU
	EndGlobalSection
	GlobalSection(SolutionProperties) = preSolution
		HideSolutionNode = FALSE
	EndGlobalSection
	GlobalSection(ExtensibilityGlobals) = postSolution
		SolutionGuid = {072A393B-2CCC-4675-AD75-38C64A0D47D9}
	EndGlobalSection
EndGlobal
